
Microsoft Visual Studio Solution File, Format Version 12.00
# Visual Studio Version 17
VisualStudioVersion = 17.2.32616.157
MinimumVisualStudioVersion = 10.0.40219.1
Project("{FAE04EC0-301F-11D3-BF4B-00C04F79EFBC}") = "Form Submission", "Form Submission\Form Submission.csproj", "{90FCEDBE-64FC-436D-BE52-01331F31CCFD}"
EndProject
Global
	GlobalSection(SolutionConfigurationPlatforms) = preSolution
		Debug|Any CPU = Debug|Any CPU
		Release|Any CPU = Release|Any CPU
	EndGlobalSection
	GlobalSection(ProjectConfigurationPlatforms) = postSolution
		{90FCEDBE-64FC-436D-BE52-01331F31CCFD}.Debug|Any CPU.ActiveCfg = Debug|Any CPU
		{90FCEDBE-64FC-436D-BE52-01331F31CCFD}.Debug|Any CPU.Build.0 = Debug|Any CPU
		{90FCEDBE-64FC-436D-BE52-01331F31CCFD}.Release|Any CPU.ActiveCfg = Release|Any CPU
		{90FCEDBE-64FC-436D-BE52-01331F31CCFD}.Release|Any CPU.Build.0 = Release|Any CPU
	EndGlobalSection
	GlobalSection(SolutionProperties) = preSolution
		HideSolutionNode = FALSE
	EndGlobalSection
	GlobalSection(ExtensibilityGlobals) = postSolution
		SolutionGuid = {000EDEA1-6727-458F-B4C3-54FDA350C765}
	EndGlobalSection
EndGlobal
